
Microsoft Visual Studio Solution File, Format Version 12.00
# Visual Studio Version 17
VisualStudioVersion = 17.9.34714.143
MinimumVisualStudioVersion = 10.0.40219.1
Project("{FAE04EC0-301F-11D3-BF4B-00C04F79EFBC}") = "terrain generator version 3.0", "terrain generator version 3.0\terrain generator version 3.0.csproj", "{7AFC50F6-B7DE-40BE-AE8B-203C01BCC5BA}"
EndProject
Global
	GlobalSection(SolutionConfigurationPlatforms) = preSolution
		Debug|Any CPU = Debug|Any CPU
		Release|Any CPU = Release|Any CPU
	EndGlobalSection
	GlobalSection(ProjectConfigurationPlatforms) = postSolution
		{7AFC50F6-B7DE-40BE-AE8B-203C01BCC5BA}.Debug|Any CPU.ActiveCfg = Debug|Any CPU
		{7AFC50F6-B7DE-40BE-AE8B-203C01BCC5BA}.Debug|Any CPU.Build.0 = Debug|Any CPU
		{7AFC50F6-B7DE-40BE-AE8B-203C01BCC5BA}.Release|Any CPU.ActiveCfg = Release|Any CPU
		{7AFC50F6-B7DE-40BE-AE8B-203C01BCC5BA}.Release|Any CPU.Build.0 = Release|Any CPU
	EndGlobalSection
	GlobalSection(SolutionProperties) = preSolution
		HideSolutionNode = FALSE
	EndGlobalSection
	GlobalSection(ExtensibilityGlobals) = postSolution
		SolutionGuid = {8F585699-7844-4D35-8F90-654D836F3330}
	EndGlobalSection
EndGlobal
